
Microsoft Visual Studio Solution File, Format Version 12.00
# Visual Studio Version 16
VisualStudioVersion = 16.0.31402.337
MinimumVisualStudioVersion = 10.0.40219.1
Project("{FAE04EC0-301F-11D3-BF4B-00C04F79EFBC}") = "ClickClackClock", "ClickClackClock\ClickClackClock.csproj", "{1DA0F7F4-3973-4A15-A5C5-85E02590C550}"
EndProject
Global
	GlobalSection(SolutionConfigurationPlatforms) = preSolution
		Debug|Any CPU = Debug|Any CPU
		Release|Any CPU = Release|Any CPU
	EndGlobalSection
	GlobalSection(ProjectConfigurationPlatforms) = postSolution
		{1DA0F7F4-3973-4A15-A5C5-85E02590C550}.Debug|Any CPU.ActiveCfg = Debug|Any CPU
		{1DA0F7F4-3973-4A15-A5C5-85E02590C550}.Debug|Any CPU.Build.0 = Debug|Any CPU
		{1DA0F7F4-3973-4A15-A5C5-85E02590C550}.Release|Any CPU.ActiveCfg = Release|Any CPU
		{1DA0F7F4-3973-4A15-A5C5-85E02590C550}.Release|Any CPU.Build.0 = Release|Any CPU
	EndGlobalSection
	GlobalSection(SolutionProperties) = preSolution
		HideSolutionNode = FALSE
	EndGlobalSection
	GlobalSection(ExtensibilityGlobals) = postSolution
		SolutionGuid = {F2628D7F-6E5A-4307-9C06-33B4863EC135}
	EndGlobalSection
EndGlobal
